
Microsoft Visual Studio Solution File, Format Version 12.00
# Visual Studio Version 17
VisualStudioVersion = 17.9.34616.47
MinimumVisualStudioVersion = 10.0.40219.1
Project("{FAE04EC0-301F-11D3-BF4B-00C04F79EFBC}") = "DA_webRestaurant", "DA_webRestaurant\DA_webRestaurant.csproj", "{47F959CD-944F-4754-9377-1F3AABEACC0A}"
EndProject
Global
	GlobalSection(SolutionConfigurationPlatforms) = preSolution
		Debug|Any CPU = Debug|Any CPU
		Release|Any CPU = Release|Any CPU
	EndGlobalSection
	GlobalSection(ProjectConfigurationPlatforms) = postSolution
		{47F959CD-944F-4754-9377-1F3AABEACC0A}.Debug|Any CPU.ActiveCfg = Debug|Any CPU
		{47F959CD-944F-4754-9377-1F3AABEACC0A}.Debug|Any CPU.Build.0 = Debug|Any CPU
		{47F959CD-944F-4754-9377-1F3AABEACC0A}.Release|Any CPU.ActiveCfg = Release|Any CPU
		{47F959CD-944F-4754-9377-1F3AABEACC0A}.Release|Any CPU.Build.0 = Release|Any CPU
	EndGlobalSection
	GlobalSection(SolutionProperties) = preSolution
		HideSolutionNode = FALSE
	EndGlobalSection
	GlobalSection(ExtensibilityGlobals) = postSolution
		SolutionGuid = {11E4BED2-0178-43C9-B10F-F032A7FB59B0}
	EndGlobalSection
EndGlobal
